// !$*UTF8*$!
{
	archiveVersion = 1;
	classes = {
	};
	objectVersion = 55;
	objects = {

/* Begin PBXBuildFile section */
		185F1DEB28081BF7008834D6 /* DrawingAndAnimationApp.swift in Sources */ = {isa = PBXBuildFile; fileRef = 185F1DEA28081BF7008834D6 /* DrawingAndAnimationApp.swift */; };
		185F1DEF28081BFA008834D6 /* Assets.xcassets in Resources */ = {isa = PBXBuildFile; fileRef = 185F1DEE28081BFA008834D6 /* Assets.xcassets */; };
		185F1DF228081BFA008834D6 /* Preview Assets.xcassets in Resources */ = {isa = PBXBuildFile; fileRef = 185F1DF128081BFA008834D6 /* Preview Assets.xcassets */; };
		185F1E0A2808287D008834D6 /* RotatedBadgeSymbol.swift in Sources */ = {isa = PBXBuildFile; fileRef = 185F1E052808287D008834D6 /* RotatedBadgeSymbol.swift */; };
		185F1E0B2808287D008834D6 /* HexagonParameters.swift in Sources */ = {isa = PBXBuildFile; fileRef = 185F1E062808287D008834D6 /* HexagonParameters.swift */; };
		185F1E0C2808287D008834D6 /* BadgeSymbol.swift in Sources */ = {isa = PBXBuildFile; fileRef = 185F1E072808287D008834D6 /* BadgeSymbol.swift */; };
		185F1E0D2808287D008834D6 /* BadgeBackground.swift in Sources */ = {isa = PBXBuildFile; fileRef = 185F1E082808287D008834D6 /* BadgeBackground.swift */; };
		185F1E0E2808287D008834D6 /* Badge.swift in Sources */ = {isa = PBXBuildFile; fileRef = 185F1E092808287D008834D6 /* Badge.swift */; };
		185F1E102808289B008834D6 /* ContentView.swift in Sources */ = {isa = PBXBuildFile; fileRef = 185F1E0F2808289B008834D6 /* ContentView.swift */; };
/* End PBXBuildFile section */

/* Begin PBXFileReference section */
		185F1DE728081BF7008834D6 /* DrawingAndAnimation.app */ = {isa = PBXFileReference; explicitFileType = wrapper.application; includeInIndex = 0; path = DrawingAndAnimation.app; sourceTree = BUILT_PRODUCTS_DIR; };
		185F1DEA28081BF7008834D6 /* DrawingAndAnimationApp.swift */ = {isa = PBXFileReference; lastKnownFileType = sourcecode.swift; path = DrawingAndAnimationApp.swift; sourceTree = "<group>"; };
		185F1DEE28081BFA008834D6 /* Assets.xcassets */ = {isa = PBXFileReference; lastKnownFileType = folder.assetcatalog; path = Assets.xcassets; sourceTree = "<group>"; };
		185F1DF128081BFA008834D6 /* Preview Assets.xcassets */ = {isa = PBXFileReference; lastKnownFileType = folder.assetcatalog; path = "Preview Assets.xcassets"; sourceTree = "<group>"; };
		185F1E052808287D008834D6 /* RotatedBadgeSymbol.swift */ = {isa = PBXFileReference; fileEncoding = 4; lastKnownFileType = sourcecode.swift; path = RotatedBadgeSymbol.swift; sourceTree = "<group>"; };
		185F1E062808287D008834D6 /* HexagonParameters.swift */ = {isa = PBXFileReference; fileEncoding = 4; lastKnownFileType = sourcecode.swift; path = HexagonParameters.swift; sourceTree = "<group>"; };
		185F1E072808287D008834D6 /* BadgeSymbol.swift */ = {isa = PBXFileReference; fileEncoding = 4; lastKnownFileType = sourcecode.swift; path = BadgeSymbol.swift; sourceTree = "<group>"; };
		185F1E082808287D008834D6 /* BadgeBackground.swift */ = {isa = PBXFileReference; fileEncoding = 4; lastKnownFileType = sourcecode.swift; path = BadgeBackground.swift; sourceTree = "<group>"; };
		185F1E092808287D008834D6 /* Badge.swift */ = {isa = PBXFileReference; fileEncoding = 4; lastKnownFileType = sourcecode.swift; path = Badge.swift; sourceTree = "<group>"; };
		185F1E0F2808289B008834D6 /* ContentView.swift */ = {isa = PBXFileReference; fileEncoding = 4; lastKnownFileType = sourcecode.swift; path = ContentView.swift; sourceTree = "<group>"; };
		185F1E3028096122008834D6 /* ModelData.framework */ = {isa = PBXFileReference; explicitFileType = wrapper.framework; path = ModelData.framework; sourceTree = BUILT_PRODUCTS_DIR; };
/* End PBXFileReference section */

/* Begin PBXFrameworksBuildPhase section */
		185F1DE428081BF7008834D6 /* Frameworks */ = {
			isa = PBXFrameworksBuildPhase;
			buildActionMask = 2147483647;
			files = (
			);
			runOnlyForDeploymentPostprocessing = 0;
		};
/* End PBXFrameworksBuildPhase section */

/* Begin PBXGroup section */
		185F1DDE28081BF7008834D6 = {
			isa = PBXGroup;
			children = (
				185F1DE928081BF7008834D6 /* DrawingAndAnimation */,
				185F1DE828081BF7008834D6 /* Products */,
				185F1E2F28096122008834D6 /* Frameworks */,
			);
			sourceTree = "<group>";
		};
		185F1DE828081BF7008834D6 /* Products */ = {
			isa = PBXGroup;
			children = (
				185F1DE728081BF7008834D6 /* DrawingAndAnimation.app */,
			);
			name = Products;
			sourceTree = "<group>";
		};
		185F1DE928081BF7008834D6 /* DrawingAndAnimation */ = {
			isa = PBXGroup;
			children = (
				185F1DF828081CB0008834D6 /* Model */,
				185F1DF928081CB0008834D6 /* Views */,
				185F1DEA28081BF7008834D6 /* DrawingAndAnimationApp.swift */,
				185F1DEE28081BFA008834D6 /* Assets.xcassets */,
				185F1DF028081BFA008834D6 /* Preview Content */,
			);
			path = DrawingAndAnimation;
			sourceTree = "<group>";
		};
		185F1DF028081BFA008834D6 /* Preview Content */ = {
			isa = PBXGroup;
			children = (
				185F1DF128081BFA008834D6 /* Preview Assets.xcassets */,
			);
			path = "Preview Content";
			sourceTree = "<group>";
		};
		185F1DF828081CB0008834D6 /* Model */ = {
			isa = PBXGroup;
			children = (
			);
			path = Model;
			sourceTree = "<group>";
		};
		185F1DF928081CB0008834D6 /* Views */ = {
			isa = PBXGroup;
			children = (
				185F1E0F2808289B008834D6 /* ContentView.swift */,
				185F1E042808287D008834D6 /* Badges */,
			);
			path = Views;
			sourceTree = "<group>";
		};
		185F1E042808287D008834D6 /* Badges */ = {
			isa = PBXGroup;
			children = (
				185F1E052808287D008834D6 /* RotatedBadgeSymbol.swift */,
				185F1E062808287D008834D6 /* HexagonParameters.swift */,
				185F1E072808287D008834D6 /* BadgeSymbol.swift */,
				185F1E082808287D008834D6 /* BadgeBackground.swift */,
				185F1E092808287D008834D6 /* Badge.swift */,
			);
			path = Badges;
			sourceTree = "<group>";
		};
		185F1E2F28096122008834D6 /* Frameworks */ = {
			isa = PBXGroup;
			children = (
				185F1E3028096122008834D6 /* ModelData.framework */,
			);
			name = Frameworks;
			sourceTree = "<group>";
		};
/* End PBXGroup section */

/* Begin PBXNativeTarget section */
		185F1DE628081BF7008834D6 /* DrawingAndAnimation */ = {
			isa = PBXNativeTarget;
			buildConfigurationList = 185F1DF528081BFA008834D6 /* Build configuration list for PBXNativeTarget "DrawingAndAnimation" */;
			buildPhases = (
				185F1DE328081BF7008834D6 /* Sources */,
				185F1DE428081BF7008834D6 /* Frameworks */,
				185F1DE528081BF7008834D6 /* Resources */,
			);
			buildRules = (
			);
			dependencies = (
			);
			name = DrawingAndAnimation;
			productName = DrawingAndAnimation;
			productReference = 185F1DE728081BF7008834D6 /* DrawingAndAnimation.app */;
			productType = "com.apple.product-type.application";
		};
/* End PBXNativeTarget section */

/* Begin PBXProject section */
		185F1DDF28081BF7008834D6 /* Project object */ = {
			isa = PBXProject;
			attributes = {
				BuildIndependentTargetsInParallel = 1;
				LastSwiftUpdateCheck = 1320;
				LastUpgradeCheck = 1320;
				TargetAttributes = {
					185F1DE628081BF7008834D6 = {
						CreatedOnToolsVersion = 13.2.1;
					};
				};
			};
			buildConfigurationList = 185F1DE228081BF7008834D6 /* Build configuration list for PBXProject "DrawingAndAnimation" */;
			compatibilityVersion = "Xcode 13.0";
			developmentRegion = en;
			hasScannedForEncodings = 0;
			knownRegions = (
				en,
				Base,
			);
			mainGroup = 185F1DDE28081BF7008834D6;
			productRefGroup = 185F1DE828081BF7008834D6 /* Products */;
			projectDirPath = "";
			projectRoot = "";
			targets = (
				185F1DE628081BF7008834D6 /* DrawingAndAnimation */,
			);
		};
/* End PBXProject section */

/* Begin PBXResourcesBuildPhase section */
		185F1DE528081BF7008834D6 /* Resources */ = {
			isa = PBXResourcesBuildPhase;
			buildActionMask = 2147483647;
			files = (
				185F1DF228081BFA008834D6 /* Preview Assets.xcassets in Resources */,
				185F1DEF28081BFA008834D6 /* Assets.xcassets in Resources */,
			);
			runOnlyForDeploymentPostprocessing = 0;
		};
/* End PBXResourcesBuildPhase section */

/* Begin PBXSourcesBuildPhase section */
		185F1DE328081BF7008834D6 /* Sources */ = {
			isa = PBXSourcesBuildPhase;
			buildActionMask = 2147483647;
			files = (
				185F1E0E2808287D008834D6 /* Badge.swift in Sources */,
				185F1E0B2808287D008834D6 /* HexagonParameters.swift in Sources */,
				185F1E102808289B008834D6 /* ContentView.swift in Sources */,
				185F1E0D2808287D008834D6 /* BadgeBackground.swift in Sources */,
				185F1DEB28081BF7008834D6 /* DrawingAndAnimationApp.swift in Sources */,
				185F1E0C2808287D008834D6 /* BadgeSymbol.swift in Sources */,
				185F1E0A2808287D008834D6 /* RotatedBadgeSymbol.swift in Sources */,
			);
			runOnlyForDeploymentPostprocessing = 0;
		};
/* End PBXSourcesBuildPhase section */

/* Begin XCBuildConfiguration section */
		185F1DF328081BFA008834D6 /* Debug */ = {
			isa = XCBuildConfiguration;
			buildSettings = {
				ALWAYS_SEARCH_USER_PATHS = NO;
				CLANG_ANALYZER_NONNULL = YES;
				CLANG_ANALYZER_NUMBER_OBJECT_CONVERSION = YES_AGGRESSIVE;
				CLANG_CXX_LANGUAGE_STANDARD = "gnu++17";
				CLANG_CXX_LIBRARY = "libc++";
				CLANG_ENABLE_MODULES = YES;
				CLANG_ENABLE_OBJC_ARC = YES;
				CLANG_ENABLE_OBJC_WEAK = YES;
				CLANG_WARN_BLOCK_CAPTURE_AUTORELEASING = YES;
				CLANG_WARN_BOOL_CONVERSION = YES;
				CLANG_WARN_COMMA = YES;
				CLANG_WARN_CONSTANT_CONVERSION = YES;
				CLANG_WARN_DEPRECATED_OBJC_IMPLEMENTATIONS = YES;
				CLANG_WARN_DIRECT_OBJC_ISA_USAGE = YES_ERROR;
				CLANG_WARN_DOCUMENTATION_COMMENTS = YES;
				CLANG_WARN_EMPTY_BODY = YES;
				CLANG_WARN_ENUM_CONVERSION = YES;
				CLANG_WARN_INFINITE_RECURSION = YES;
				CLANG_WARN_INT_CONVERSION = YES;
				CLANG_WARN_NON_LITERAL_NULL_CONVERSION = YES;
				CLANG_WARN_OBJC_IMPLICIT_RETAIN_SELF = YES;
				CLANG_WARN_OBJC_LITERAL_CONVERSION = YES;
				CLANG_WARN_OBJC_ROOT_CLASS = YES_ERROR;
				CLANG_WARN_QUOTED_INCLUDE_IN_FRAMEWORK_HEADER = YES;
				CLANG_WARN_RANGE_LOOP_ANALYSIS = YES;
				CLANG_WARN_STRICT_PROTOTYPES = YES;
				CLANG_WARN_SUSPICIOUS_MOVE = YES;
				CLANG_WARN_UNGUARDED_AVAILABILITY = YES_AGGRESSIVE;
				CLANG_WARN_UNREACHABLE_CODE = YES;
				CLANG_WARN__DUPLICATE_METHOD_MATCH = YES;
				COPY_PHASE_STRIP = NO;
				DEBUG_INFORMATION_FORMAT = dwarf;
				ENABLE_STRICT_OBJC_MSGSEND = YES;
				ENABLE_TESTABILITY = YES;
				GCC_C_LANGUAGE_STANDARD = gnu11;
				GCC_DYNAMIC_NO_PIC = NO;
				GCC_NO_COMMON_BLOCKS = YES;
				GCC_OPTIMIZATION_LEVEL = 0;
				GCC_PREPROCESSOR_DEFINITIONS = (
					"DEBUG=1",
					"$(inherited)",
				);
				GCC_WARN_64_TO_32_BIT_CONVERSION = YES;
				GCC_WARN_ABOUT_RETURN_TYPE = YES_ERROR;
				GCC_WARN_UNDECLARED_SELECTOR = YES;
				GCC_WARN_UNINITIALIZED_AUTOS = YES_AGGRESSIVE;
				GCC_WARN_UNUSED_FUNCTION = YES;
				GCC_WARN_UNUSED_VARIABLE = YES;
				IPHONEOS_DEPLOYMENT_TARGET = 15.2;
				MTL_ENABLE_DEBUG_INFO = INCLUDE_SOURCE;
				MTL_FAST_MATH = YES;
				ONLY_ACTIVE_ARCH = YES;
				SDKROOT = iphoneos;
				SWIFT_ACTIVE_COMPILATION_CONDITIONS = DEBUG;
				SWIFT_OPTIMIZATION_LEVEL = "-Onone";
			};
			name = Debug;
		};
		185F1DF428081BFA008834D6 /* Release */ = {
			isa = XCBuildConfiguration;
			buildSettings = {
				ALWAYS_SEARCH_USER_PATHS = NO;
				CLANG_ANALYZER_NONNULL = YES;
				CLANG_ANALYZER_NUMBER_OBJECT_CONVERSION = YES_AGGRESSIVE;
				CLANG_CXX_LANGUAGE_STANDARD = "gnu++17";
				CLANG_CXX_LIBRARY = "libc++";
				CLANG_ENABLE_MODULES = YES;
				CLANG_ENABLE_OBJC_ARC = YES;
				CLANG_ENABLE_OBJC_WEAK = YES;
				CLANG_WARN_BLOCK_CAPTURE_AUTORELEASING = YES;
				CLANG_WARN_BOOL_CONVERSION = YES;
				CLANG_WARN_COMMA = YES;
				CLANG_WARN_CONSTANT_CONVERSION = YES;
				CLANG_WARN_DEPRECATED_OBJC_IMPLEMENTATIONS = YES;
				CLANG_WARN_DIRECT_OBJC_ISA_USAGE = YES_ERROR;
				CLANG_WARN_DOCUMENTATION_COMMENTS = YES;
				CLANG_WARN_EMPTY_BODY = YES;
				CLANG_WARN_ENUM_CONVERSION = YES;
				CLANG_WARN_INFINITE_RECURSION = YES;
				CLANG_WARN_INT_CONVERSION = YES;
				CLANG_WARN_NON_LITERAL_NULL_CONVERSION = YES;
				CLANG_WARN_OBJC_IMPLICIT_RETAIN_SELF = YES;
				CLANG_WARN_OBJC_LITERAL_CONVERSION = YES;
				CLANG_WARN_OBJC_ROOT_CLASS = YES_ERROR;
				CLANG_WARN_QUOTED_INCLUDE_IN_FRAMEWORK_HEADER = YES;
				CLANG_WARN_RANGE_LOOP_ANALYSIS = YES;
				CLANG_WARN_STRICT_PROTOTYPES = YES;
				CLANG_WARN_SUSPICIOUS_MOVE = YES;
				CLANG_WARN_UNGUARDED_AVAILABILITY = YES_AGGRESSIVE;
				CLANG_WARN_UNREACHABLE_CODE = YES;
				CLANG_WARN__DUPLICATE_METHOD_MATCH = YES;
				COPY_PHASE_STRIP = NO;
				DEBUG_INFORMATION_FORMAT = "dwarf-with-dsym";
				ENABLE_NS_ASSERTIONS = NO;
				ENABLE_STRICT_OBJC_MSGSEND = YES;
				GCC_C_LANGUAGE_STANDARD = gnu11;
				GCC_NO_COMMON_BLOCKS = YES;
				GCC_WARN_64_TO_32_BIT_CONVERSION = YES;
				GCC_WARN_ABOUT_RETURN_TYPE = YES_ERROR;
				GCC_WARN_UNDECLARED_SELECTOR = YES;
				GCC_WARN_UNINITIALIZED_AUTOS = YES_AGGRESSIVE;
				GCC_WARN_UNUSED_FUNCTION = YES;
				GCC_WARN_UNUSED_VARIABLE = YES;
				IPHONEOS_DEPLOYMENT_TARGET = 15.2;
				MTL_ENABLE_DEBUG_INFO = NO;
				MTL_FAST_MATH = YES;
				SDKROOT = iphoneos;
				SWIFT_COMPILATION_MODE = wholemodule;
				SWIFT_OPTIMIZATION_LEVEL = "-O";
				VALIDATE_PRODUCT = YES;
			};
			name = Release;
		};
		185F1DF628081BFA008834D6 /* Debug */ = {
			isa = XCBuildConfiguration;
			buildSettings = {
				ASSETCATALOG_COMPILER_APPICON_NAME = AppIcon;
				ASSETCATALOG_COMPILER_GLOBAL_ACCENT_COLOR_NAME = AccentColor;
				CODE_SIGN_STYLE = Automatic;
				CURRENT_PROJECT_VERSION = 1;
				DEVELOPMENT_ASSET_PATHS = "\"DrawingAndAnimation/Preview Content\"";
				ENABLE_PREVIEWS = YES;
				FRAMEWORK_SEARCH_PATHS = "";
				GENERATE_INFOPLIST_FILE = YES;
				INFOPLIST_KEY_UIApplicationSceneManifest_Generation = YES;
				INFOPLIST_KEY_UIApplicationSupportsIndirectInputEvents = YES;
				INFOPLIST_KEY_UILaunchScreen_Generation = YES;
				INFOPLIST_KEY_UISupportedInterfaceOrientations_iPad = "UIInterfaceOrientationPortrait UIInterfaceOrientationPortraitUpsideDown UIInterfaceOrientationLandscapeLeft UIInterfaceOrientationLandscapeRight";
				INFOPLIST_KEY_UISupportedInterfaceOrientations_iPhone = "UIInterfaceOrientationPortrait UIInterfaceOrientationLandscapeLeft UIInterfaceOrientationLandscapeRight";
				LD_RUNPATH_SEARCH_PATHS = (
					"$(inherited)",
					"@executable_path/Frameworks",
				);
				MARKETING_VERSION = 1.0;
				PRODUCT_BUNDLE_IDENTIFIER = org.Telegram.DrawingAndAnimation;
				PRODUCT_NAME = "$(TARGET_NAME)";
				SWIFT_EMIT_LOC_STRINGS = YES;
				SWIFT_VERSION = 5.0;
				TARGETED_DEVICE_FAMILY = "1,2";
			};
			name = Debug;
		};
		185F1DF728081BFA008834D6 /* Release */ = {
			isa = XCBuildConfiguration;
			buildSettings = {
				ASSETCATALOG_COMPILER_APPICON_NAME = AppIcon;
				ASSETCATALOG_COMPILER_GLOBAL_ACCENT_COLOR_NAME = AccentColor;
				CODE_SIGN_STYLE = Automatic;
				CURRENT_PROJECT_VERSION = 1;
				DEVELOPMENT_ASSET_PATHS = "\"DrawingAndAnimation/Preview Content\"";
				ENABLE_PREVIEWS = YES;
				FRAMEWORK_SEARCH_PATHS = "";
				GENERATE_INFOPLIST_FILE = YES;
				INFOPLIST_KEY_UIApplicationSceneManifest_Generation = YES;
				INFOPLIST_KEY_UIApplicationSupportsIndirectInputEvents = YES;
				INFOPLIST_KEY_UILaunchScreen_Generation = YES;
				INFOPLIST_KEY_UISupportedInterfaceOrientations_iPad = "UIInterfaceOrientationPortrait UIInterfaceOrientationPortraitUpsideDown UIInterfaceOrientationLandscapeLeft UIInterfaceOrientationLandscapeRight";
				INFOPLIST_KEY_UISupportedInterfaceOrientations_iPhone = "UIInterfaceOrientationPortrait UIInterfaceOrientationLandscapeLeft UIInterfaceOrientationLandscapeRight";
				LD_RUNPATH_SEARCH_PATHS = (
					"$(inherited)",
					"@executable_path/Frameworks",
				);
				MARKETING_VERSION = 1.0;
				PRODUCT_BUNDLE_IDENTIFIER = org.Telegram.DrawingAndAnimation;
				PRODUCT_NAME = "$(TARGET_NAME)";
				SWIFT_EMIT_LOC_STRINGS = YES;
				SWIFT_VERSION = 5.0;
				TARGETED_DEVICE_FAMILY = "1,2";
			};
			name = Release;
		};
/* End XCBuildConfiguration section */

/* Begin XCConfigurationList section */
		185F1DE228081BF7008834D6 /* Build configuration list for PBXProject "DrawingAndAnimation" */ = {
			isa = XCConfigurationList;
			buildConfigurations = (
				185F1DF328081BFA008834D6 /* Debug */,
				185F1DF428081BFA008834D6 /* Release */,
			);
			defaultConfigurationIsVisible = 0;
			defaultConfigurationName = Release;
		};
		185F1DF528081BFA008834D6 /* Build configuration list for PBXNativeTarget "DrawingAndAnimation" */ = {
			isa = XCConfigurationList;
			buildConfigurations = (
				185F1DF628081BFA008834D6 /* Debug */,
				185F1DF728081BFA008834D6 /* Release */,
			);
			defaultConfigurationIsVisible = 0;
			defaultConfigurationName = Release;
		};
/* End XCConfigurationList section */
	};
	rootObject = 185F1DDF28081BF7008834D6 /* Project object */;
}
