// !$*UTF8*$!
{
	archiveVersion = 1;
	classes = {
	};
	objectVersion = 55;
	objects = {

/* Begin PBXBuildFile section */
		1846D5CB280A6FA6003BFFFF /* DesignandLayoutApp.swift in Sources */ = {isa = PBXBuildFile; fileRef = 1846D5CA280A6FA6003BFFFF /* DesignandLayoutApp.swift */; };
		1846D5CD280A6FA6003BFFFF /* ContentView.swift in Sources */ = {isa = PBXBuildFile; fileRef = 1846D5CC280A6FA6003BFFFF /* ContentView.swift */; };
		1846D5CF280A6FA8003BFFFF /* Assets.xcassets in Resources */ = {isa = PBXBuildFile; fileRef = 1846D5CE280A6FA8003BFFFF /* Assets.xcassets */; };
		1846D5D2280A6FA8003BFFFF /* Preview Assets.xcassets in Resources */ = {isa = PBXBuildFile; fileRef = 1846D5D1280A6FA8003BFFFF /* Preview Assets.xcassets */; };
		1846D5DA280A6FC1003BFFFF /* ModelData.framework in Frameworks */ = {isa = PBXBuildFile; fileRef = 1846D5D9280A6FC1003BFFFF /* ModelData.framework */; };
		1846D5DD280A97A9003BFFFF /* CategoryHome.swift in Sources */ = {isa = PBXBuildFile; fileRef = 1846D5DC280A97A9003BFFFF /* CategoryHome.swift */; };
		1846D5DF280A9E80003BFFFF /* CategoryRow.swift in Sources */ = {isa = PBXBuildFile; fileRef = 1846D5DE280A9E80003BFFFF /* CategoryRow.swift */; };
		1846D5E1280AA65B003BFFFF /* CategoryItem.swift in Sources */ = {isa = PBXBuildFile; fileRef = 1846D5E0280AA65B003BFFFF /* CategoryItem.swift */; };
		1846D61D280AB1D0003BFFFF /* MapView.swift in Sources */ = {isa = PBXBuildFile; fileRef = 1846D619280AB1D0003BFFFF /* MapView.swift */; };
		1846D61E280AB1D0003BFFFF /* CircleImage.swift in Sources */ = {isa = PBXBuildFile; fileRef = 1846D61A280AB1D0003BFFFF /* CircleImage.swift */; };
		1846D61F280AB1D0003BFFFF /* FavoriteButton.swift in Sources */ = {isa = PBXBuildFile; fileRef = 1846D61B280AB1D0003BFFFF /* FavoriteButton.swift */; };
		1846D624280AB393003BFFFF /* LandmarkList.swift in Sources */ = {isa = PBXBuildFile; fileRef = 1846D621280AB393003BFFFF /* LandmarkList.swift */; };
		1846D625280AB393003BFFFF /* LandmarkDetail.swift in Sources */ = {isa = PBXBuildFile; fileRef = 1846D622280AB393003BFFFF /* LandmarkDetail.swift */; };
		1846D626280AB393003BFFFF /* LandmarkRow.swift in Sources */ = {isa = PBXBuildFile; fileRef = 1846D623280AB393003BFFFF /* LandmarkRow.swift */; };
/* End PBXBuildFile section */

/* Begin PBXFileReference section */
		1846D5C7280A6FA6003BFFFF /* DesignandLayout.app */ = {isa = PBXFileReference; explicitFileType = wrapper.application; includeInIndex = 0; path = DesignandLayout.app; sourceTree = BUILT_PRODUCTS_DIR; };
		1846D5CA280A6FA6003BFFFF /* DesignandLayoutApp.swift */ = {isa = PBXFileReference; lastKnownFileType = sourcecode.swift; path = DesignandLayoutApp.swift; sourceTree = "<group>"; };
		1846D5CC280A6FA6003BFFFF /* ContentView.swift */ = {isa = PBXFileReference; lastKnownFileType = sourcecode.swift; path = ContentView.swift; sourceTree = "<group>"; };
		1846D5CE280A6FA8003BFFFF /* Assets.xcassets */ = {isa = PBXFileReference; lastKnownFileType = folder.assetcatalog; path = Assets.xcassets; sourceTree = "<group>"; };
		1846D5D1280A6FA8003BFFFF /* Preview Assets.xcassets */ = {isa = PBXFileReference; lastKnownFileType = folder.assetcatalog; path = "Preview Assets.xcassets"; sourceTree = "<group>"; };
		1846D5D9280A6FC1003BFFFF /* ModelData.framework */ = {isa = PBXFileReference; explicitFileType = wrapper.framework; path = ModelData.framework; sourceTree = BUILT_PRODUCTS_DIR; };
		1846D5DC280A97A9003BFFFF /* CategoryHome.swift */ = {isa = PBXFileReference; lastKnownFileType = sourcecode.swift; path = CategoryHome.swift; sourceTree = "<group>"; };
		1846D5DE280A9E80003BFFFF /* CategoryRow.swift */ = {isa = PBXFileReference; lastKnownFileType = sourcecode.swift; path = CategoryRow.swift; sourceTree = "<group>"; };
		1846D5E0280AA65B003BFFFF /* CategoryItem.swift */ = {isa = PBXFileReference; lastKnownFileType = sourcecode.swift; path = CategoryItem.swift; sourceTree = "<group>"; };
		1846D605280AADF0003BFFFF /* LandmarkDetail.framework */ = {isa = PBXFileReference; explicitFileType = wrapper.framework; path = LandmarkDetail.framework; sourceTree = BUILT_PRODUCTS_DIR; };
		1846D619280AB1D0003BFFFF /* MapView.swift */ = {isa = PBXFileReference; fileEncoding = 4; lastKnownFileType = sourcecode.swift; path = MapView.swift; sourceTree = "<group>"; };
		1846D61A280AB1D0003BFFFF /* CircleImage.swift */ = {isa = PBXFileReference; fileEncoding = 4; lastKnownFileType = sourcecode.swift; path = CircleImage.swift; sourceTree = "<group>"; };
		1846D61B280AB1D0003BFFFF /* FavoriteButton.swift */ = {isa = PBXFileReference; fileEncoding = 4; lastKnownFileType = sourcecode.swift; path = FavoriteButton.swift; sourceTree = "<group>"; };
		1846D621280AB393003BFFFF /* LandmarkList.swift */ = {isa = PBXFileReference; fileEncoding = 4; lastKnownFileType = sourcecode.swift; path = LandmarkList.swift; sourceTree = "<group>"; };
		1846D622280AB393003BFFFF /* LandmarkDetail.swift */ = {isa = PBXFileReference; fileEncoding = 4; lastKnownFileType = sourcecode.swift; path = LandmarkDetail.swift; sourceTree = "<group>"; };
		1846D623280AB393003BFFFF /* LandmarkRow.swift */ = {isa = PBXFileReference; fileEncoding = 4; lastKnownFileType = sourcecode.swift; path = LandmarkRow.swift; sourceTree = "<group>"; };
/* End PBXFileReference section */

/* Begin PBXFrameworksBuildPhase section */
		1846D5C4280A6FA6003BFFFF /* Frameworks */ = {
			isa = PBXFrameworksBuildPhase;
			buildActionMask = 2147483647;
			files = (
				1846D5DA280A6FC1003BFFFF /* ModelData.framework in Frameworks */,
			);
			runOnlyForDeploymentPostprocessing = 0;
		};
/* End PBXFrameworksBuildPhase section */

/* Begin PBXGroup section */
		1846D5BE280A6FA6003BFFFF = {
			isa = PBXGroup;
			children = (
				1846D5C9280A6FA6003BFFFF /* DesignandLayout */,
				1846D5C8280A6FA6003BFFFF /* Products */,
				1846D5D8280A6FC1003BFFFF /* Frameworks */,
			);
			sourceTree = "<group>";
		};
		1846D5C8280A6FA6003BFFFF /* Products */ = {
			isa = PBXGroup;
			children = (
				1846D5C7280A6FA6003BFFFF /* DesignandLayout.app */,
			);
			name = Products;
			sourceTree = "<group>";
		};
		1846D5C9280A6FA6003BFFFF /* DesignandLayout */ = {
			isa = PBXGroup;
			children = (
				1846D5DB280A979A003BFFFF /* Views */,
				1846D5CA280A6FA6003BFFFF /* DesignandLayoutApp.swift */,
				1846D5CC280A6FA6003BFFFF /* ContentView.swift */,
				1846D5CE280A6FA8003BFFFF /* Assets.xcassets */,
				1846D5D0280A6FA8003BFFFF /* Preview Content */,
			);
			path = DesignandLayout;
			sourceTree = "<group>";
		};
		1846D5D0280A6FA8003BFFFF /* Preview Content */ = {
			isa = PBXGroup;
			children = (
				1846D5D1280A6FA8003BFFFF /* Preview Assets.xcassets */,
			);
			path = "Preview Content";
			sourceTree = "<group>";
		};
		1846D5D8280A6FC1003BFFFF /* Frameworks */ = {
			isa = PBXGroup;
			children = (
				1846D605280AADF0003BFFFF /* LandmarkDetail.framework */,
				1846D5D9280A6FC1003BFFFF /* ModelData.framework */,
			);
			name = Frameworks;
			sourceTree = "<group>";
		};
		1846D5DB280A979A003BFFFF /* Views */ = {
			isa = PBXGroup;
			children = (
				1846D620280AB393003BFFFF /* Landmanks */,
				1846D618280AB1D0003BFFFF /* Helpers */,
				1846D5DC280A97A9003BFFFF /* CategoryHome.swift */,
				1846D5DE280A9E80003BFFFF /* CategoryRow.swift */,
				1846D5E0280AA65B003BFFFF /* CategoryItem.swift */,
			);
			path = Views;
			sourceTree = "<group>";
		};
		1846D618280AB1D0003BFFFF /* Helpers */ = {
			isa = PBXGroup;
			children = (
				1846D619280AB1D0003BFFFF /* MapView.swift */,
				1846D61A280AB1D0003BFFFF /* CircleImage.swift */,
				1846D61B280AB1D0003BFFFF /* FavoriteButton.swift */,
			);
			path = Helpers;
			sourceTree = "<group>";
		};
		1846D620280AB393003BFFFF /* Landmanks */ = {
			isa = PBXGroup;
			children = (
				1846D621280AB393003BFFFF /* LandmarkList.swift */,
				1846D622280AB393003BFFFF /* LandmarkDetail.swift */,
				1846D623280AB393003BFFFF /* LandmarkRow.swift */,
			);
			path = Landmanks;
			sourceTree = "<group>";
		};
/* End PBXGroup section */

/* Begin PBXNativeTarget section */
		1846D5C6280A6FA6003BFFFF /* DesignandLayout */ = {
			isa = PBXNativeTarget;
			buildConfigurationList = 1846D5D5280A6FA8003BFFFF /* Build configuration list for PBXNativeTarget "DesignandLayout" */;
			buildPhases = (
				1846D5C3280A6FA6003BFFFF /* Sources */,
				1846D5C4280A6FA6003BFFFF /* Frameworks */,
				1846D5C5280A6FA6003BFFFF /* Resources */,
			);
			buildRules = (
			);
			dependencies = (
			);
			name = DesignandLayout;
			productName = DesignandLayout;
			productReference = 1846D5C7280A6FA6003BFFFF /* DesignandLayout.app */;
			productType = "com.apple.product-type.application";
		};
/* End PBXNativeTarget section */

/* Begin PBXProject section */
		1846D5BF280A6FA6003BFFFF /* Project object */ = {
			isa = PBXProject;
			attributes = {
				BuildIndependentTargetsInParallel = 1;
				LastSwiftUpdateCheck = 1320;
				LastUpgradeCheck = 1320;
				TargetAttributes = {
					1846D5C6280A6FA6003BFFFF = {
						CreatedOnToolsVersion = 13.2.1;
					};
				};
			};
			buildConfigurationList = 1846D5C2280A6FA6003BFFFF /* Build configuration list for PBXProject "DesignandLayout" */;
			compatibilityVersion = "Xcode 13.0";
			developmentRegion = en;
			hasScannedForEncodings = 0;
			knownRegions = (
				en,
				Base,
			);
			mainGroup = 1846D5BE280A6FA6003BFFFF;
			productRefGroup = 1846D5C8280A6FA6003BFFFF /* Products */;
			projectDirPath = "";
			projectRoot = "";
			targets = (
				1846D5C6280A6FA6003BFFFF /* DesignandLayout */,
			);
		};
/* End PBXProject section */

/* Begin PBXResourcesBuildPhase section */
		1846D5C5280A6FA6003BFFFF /* Resources */ = {
			isa = PBXResourcesBuildPhase;
			buildActionMask = 2147483647;
			files = (
				1846D5D2280A6FA8003BFFFF /* Preview Assets.xcassets in Resources */,
				1846D5CF280A6FA8003BFFFF /* Assets.xcassets in Resources */,
			);
			runOnlyForDeploymentPostprocessing = 0;
		};
/* End PBXResourcesBuildPhase section */

/* Begin PBXSourcesBuildPhase section */
		1846D5C3280A6FA6003BFFFF /* Sources */ = {
			isa = PBXSourcesBuildPhase;
			buildActionMask = 2147483647;
			files = (
				1846D61D280AB1D0003BFFFF /* MapView.swift in Sources */,
				1846D61E280AB1D0003BFFFF /* CircleImage.swift in Sources */,
				1846D5CD280A6FA6003BFFFF /* ContentView.swift in Sources */,
				1846D61F280AB1D0003BFFFF /* FavoriteButton.swift in Sources */,
				1846D624280AB393003BFFFF /* LandmarkList.swift in Sources */,
				1846D5DD280A97A9003BFFFF /* CategoryHome.swift in Sources */,
				1846D5DF280A9E80003BFFFF /* CategoryRow.swift in Sources */,
				1846D5E1280AA65B003BFFFF /* CategoryItem.swift in Sources */,
				1846D626280AB393003BFFFF /* LandmarkRow.swift in Sources */,
				1846D625280AB393003BFFFF /* LandmarkDetail.swift in Sources */,
				1846D5CB280A6FA6003BFFFF /* DesignandLayoutApp.swift in Sources */,
			);
			runOnlyForDeploymentPostprocessing = 0;
		};
/* End PBXSourcesBuildPhase section */

/* Begin XCBuildConfiguration section */
		1846D5D3280A6FA8003BFFFF /* Debug */ = {
			isa = XCBuildConfiguration;
			buildSettings = {
				ALWAYS_SEARCH_USER_PATHS = NO;
				CLANG_ANALYZER_NONNULL = YES;
				CLANG_ANALYZER_NUMBER_OBJECT_CONVERSION = YES_AGGRESSIVE;
				CLANG_CXX_LANGUAGE_STANDARD = "gnu++17";
				CLANG_CXX_LIBRARY = "libc++";
				CLANG_ENABLE_MODULES = YES;
				CLANG_ENABLE_OBJC_ARC = YES;
				CLANG_ENABLE_OBJC_WEAK = YES;
				CLANG_WARN_BLOCK_CAPTURE_AUTORELEASING = YES;
				CLANG_WARN_BOOL_CONVERSION = YES;
				CLANG_WARN_COMMA = YES;
				CLANG_WARN_CONSTANT_CONVERSION = YES;
				CLANG_WARN_DEPRECATED_OBJC_IMPLEMENTATIONS = YES;
				CLANG_WARN_DIRECT_OBJC_ISA_USAGE = YES_ERROR;
				CLANG_WARN_DOCUMENTATION_COMMENTS = YES;
				CLANG_WARN_EMPTY_BODY = YES;
				CLANG_WARN_ENUM_CONVERSION = YES;
				CLANG_WARN_INFINITE_RECURSION = YES;
				CLANG_WARN_INT_CONVERSION = YES;
				CLANG_WARN_NON_LITERAL_NULL_CONVERSION = YES;
				CLANG_WARN_OBJC_IMPLICIT_RETAIN_SELF = YES;
				CLANG_WARN_OBJC_LITERAL_CONVERSION = YES;
				CLANG_WARN_OBJC_ROOT_CLASS = YES_ERROR;
				CLANG_WARN_QUOTED_INCLUDE_IN_FRAMEWORK_HEADER = YES;
				CLANG_WARN_RANGE_LOOP_ANALYSIS = YES;
				CLANG_WARN_STRICT_PROTOTYPES = YES;
				CLANG_WARN_SUSPICIOUS_MOVE = YES;
				CLANG_WARN_UNGUARDED_AVAILABILITY = YES_AGGRESSIVE;
				CLANG_WARN_UNREACHABLE_CODE = YES;
				CLANG_WARN__DUPLICATE_METHOD_MATCH = YES;
				COPY_PHASE_STRIP = NO;
				DEBUG_INFORMATION_FORMAT = dwarf;
				ENABLE_STRICT_OBJC_MSGSEND = YES;
				ENABLE_TESTABILITY = YES;
				GCC_C_LANGUAGE_STANDARD = gnu11;
				GCC_DYNAMIC_NO_PIC = NO;
				GCC_NO_COMMON_BLOCKS = YES;
				GCC_OPTIMIZATION_LEVEL = 0;
				GCC_PREPROCESSOR_DEFINITIONS = (
					"DEBUG=1",
					"$(inherited)",
				);
				GCC_WARN_64_TO_32_BIT_CONVERSION = YES;
				GCC_WARN_ABOUT_RETURN_TYPE = YES_ERROR;
				GCC_WARN_UNDECLARED_SELECTOR = YES;
				GCC_WARN_UNINITIALIZED_AUTOS = YES_AGGRESSIVE;
				GCC_WARN_UNUSED_FUNCTION = YES;
				GCC_WARN_UNUSED_VARIABLE = YES;
				IPHONEOS_DEPLOYMENT_TARGET = 15.2;
				MTL_ENABLE_DEBUG_INFO = INCLUDE_SOURCE;
				MTL_FAST_MATH = YES;
				ONLY_ACTIVE_ARCH = YES;
				SDKROOT = iphoneos;
				SWIFT_ACTIVE_COMPILATION_CONDITIONS = DEBUG;
				SWIFT_OPTIMIZATION_LEVEL = "-Onone";
			};
			name = Debug;
		};
		1846D5D4280A6FA8003BFFFF /* Release */ = {
			isa = XCBuildConfiguration;
			buildSettings = {
				ALWAYS_SEARCH_USER_PATHS = NO;
				CLANG_ANALYZER_NONNULL = YES;
				CLANG_ANALYZER_NUMBER_OBJECT_CONVERSION = YES_AGGRESSIVE;
				CLANG_CXX_LANGUAGE_STANDARD = "gnu++17";
				CLANG_CXX_LIBRARY = "libc++";
				CLANG_ENABLE_MODULES = YES;
				CLANG_ENABLE_OBJC_ARC = YES;
				CLANG_ENABLE_OBJC_WEAK = YES;
				CLANG_WARN_BLOCK_CAPTURE_AUTORELEASING = YES;
				CLANG_WARN_BOOL_CONVERSION = YES;
				CLANG_WARN_COMMA = YES;
				CLANG_WARN_CONSTANT_CONVERSION = YES;
				CLANG_WARN_DEPRECATED_OBJC_IMPLEMENTATIONS = YES;
				CLANG_WARN_DIRECT_OBJC_ISA_USAGE = YES_ERROR;
				CLANG_WARN_DOCUMENTATION_COMMENTS = YES;
				CLANG_WARN_EMPTY_BODY = YES;
				CLANG_WARN_ENUM_CONVERSION = YES;
				CLANG_WARN_INFINITE_RECURSION = YES;
				CLANG_WARN_INT_CONVERSION = YES;
				CLANG_WARN_NON_LITERAL_NULL_CONVERSION = YES;
				CLANG_WARN_OBJC_IMPLICIT_RETAIN_SELF = YES;
				CLANG_WARN_OBJC_LITERAL_CONVERSION = YES;
				CLANG_WARN_OBJC_ROOT_CLASS = YES_ERROR;
				CLANG_WARN_QUOTED_INCLUDE_IN_FRAMEWORK_HEADER = YES;
				CLANG_WARN_RANGE_LOOP_ANALYSIS = YES;
				CLANG_WARN_STRICT_PROTOTYPES = YES;
				CLANG_WARN_SUSPICIOUS_MOVE = YES;
				CLANG_WARN_UNGUARDED_AVAILABILITY = YES_AGGRESSIVE;
				CLANG_WARN_UNREACHABLE_CODE = YES;
				CLANG_WARN__DUPLICATE_METHOD_MATCH = YES;
				COPY_PHASE_STRIP = NO;
				DEBUG_INFORMATION_FORMAT = "dwarf-with-dsym";
				ENABLE_NS_ASSERTIONS = NO;
				ENABLE_STRICT_OBJC_MSGSEND = YES;
				GCC_C_LANGUAGE_STANDARD = gnu11;
				GCC_NO_COMMON_BLOCKS = YES;
				GCC_WARN_64_TO_32_BIT_CONVERSION = YES;
				GCC_WARN_ABOUT_RETURN_TYPE = YES_ERROR;
				GCC_WARN_UNDECLARED_SELECTOR = YES;
				GCC_WARN_UNINITIALIZED_AUTOS = YES_AGGRESSIVE;
				GCC_WARN_UNUSED_FUNCTION = YES;
				GCC_WARN_UNUSED_VARIABLE = YES;
				IPHONEOS_DEPLOYMENT_TARGET = 15.2;
				MTL_ENABLE_DEBUG_INFO = NO;
				MTL_FAST_MATH = YES;
				SDKROOT = iphoneos;
				SWIFT_COMPILATION_MODE = wholemodule;
				SWIFT_OPTIMIZATION_LEVEL = "-O";
				VALIDATE_PRODUCT = YES;
			};
			name = Release;
		};
		1846D5D6280A6FA8003BFFFF /* Debug */ = {
			isa = XCBuildConfiguration;
			buildSettings = {
				ASSETCATALOG_COMPILER_APPICON_NAME = AppIcon;
				ASSETCATALOG_COMPILER_GLOBAL_ACCENT_COLOR_NAME = AccentColor;
				CODE_SIGN_STYLE = Automatic;
				CURRENT_PROJECT_VERSION = 1;
				DEVELOPMENT_ASSET_PATHS = "\"DesignandLayout/Preview Content\"";
				ENABLE_PREVIEWS = YES;
				GENERATE_INFOPLIST_FILE = YES;
				INFOPLIST_KEY_UIApplicationSceneManifest_Generation = YES;
				INFOPLIST_KEY_UIApplicationSupportsIndirectInputEvents = YES;
				INFOPLIST_KEY_UILaunchScreen_Generation = YES;
				INFOPLIST_KEY_UISupportedInterfaceOrientations_iPad = "UIInterfaceOrientationPortrait UIInterfaceOrientationPortraitUpsideDown UIInterfaceOrientationLandscapeLeft UIInterfaceOrientationLandscapeRight";
				INFOPLIST_KEY_UISupportedInterfaceOrientations_iPhone = "UIInterfaceOrientationPortrait UIInterfaceOrientationLandscapeLeft UIInterfaceOrientationLandscapeRight";
				LD_RUNPATH_SEARCH_PATHS = (
					"$(inherited)",
					"@executable_path/Frameworks",
				);
				MARKETING_VERSION = 1.0;
				PRODUCT_BUNDLE_IDENTIFIER = org.Telegram.DesignandLayout;
				PRODUCT_NAME = "$(TARGET_NAME)";
				SWIFT_EMIT_LOC_STRINGS = YES;
				SWIFT_VERSION = 5.0;
				TARGETED_DEVICE_FAMILY = "1,2";
			};
			name = Debug;
		};
		1846D5D7280A6FA8003BFFFF /* Release */ = {
			isa = XCBuildConfiguration;
			buildSettings = {
				ASSETCATALOG_COMPILER_APPICON_NAME = AppIcon;
				ASSETCATALOG_COMPILER_GLOBAL_ACCENT_COLOR_NAME = AccentColor;
				CODE_SIGN_STYLE = Automatic;
				CURRENT_PROJECT_VERSION = 1;
				DEVELOPMENT_ASSET_PATHS = "\"DesignandLayout/Preview Content\"";
				ENABLE_PREVIEWS = YES;
				GENERATE_INFOPLIST_FILE = YES;
				INFOPLIST_KEY_UIApplicationSceneManifest_Generation = YES;
				INFOPLIST_KEY_UIApplicationSupportsIndirectInputEvents = YES;
				INFOPLIST_KEY_UILaunchScreen_Generation = YES;
				INFOPLIST_KEY_UISupportedInterfaceOrientations_iPad = "UIInterfaceOrientationPortrait UIInterfaceOrientationPortraitUpsideDown UIInterfaceOrientationLandscapeLeft UIInterfaceOrientationLandscapeRight";
				INFOPLIST_KEY_UISupportedInterfaceOrientations_iPhone = "UIInterfaceOrientationPortrait UIInterfaceOrientationLandscapeLeft UIInterfaceOrientationLandscapeRight";
				LD_RUNPATH_SEARCH_PATHS = (
					"$(inherited)",
					"@executable_path/Frameworks",
				);
				MARKETING_VERSION = 1.0;
				PRODUCT_BUNDLE_IDENTIFIER = org.Telegram.DesignandLayout;
				PRODUCT_NAME = "$(TARGET_NAME)";
				SWIFT_EMIT_LOC_STRINGS = YES;
				SWIFT_VERSION = 5.0;
				TARGETED_DEVICE_FAMILY = "1,2";
			};
			name = Release;
		};
/* End XCBuildConfiguration section */

/* Begin XCConfigurationList section */
		1846D5C2280A6FA6003BFFFF /* Build configuration list for PBXProject "DesignandLayout" */ = {
			isa = XCConfigurationList;
			buildConfigurations = (
				1846D5D3280A6FA8003BFFFF /* Debug */,
				1846D5D4280A6FA8003BFFFF /* Release */,
			);
			defaultConfigurationIsVisible = 0;
			defaultConfigurationName = Release;
		};
		1846D5D5280A6FA8003BFFFF /* Build configuration list for PBXNativeTarget "DesignandLayout" */ = {
			isa = XCConfigurationList;
			buildConfigurations = (
				1846D5D6280A6FA8003BFFFF /* Debug */,
				1846D5D7280A6FA8003BFFFF /* Release */,
			);
			defaultConfigurationIsVisible = 0;
			defaultConfigurationName = Release;
		};
/* End XCConfigurationList section */
	};
	rootObject = 1846D5BF280A6FA6003BFFFF /* Project object */;
}
